
Microsoft Visual Studio Solution File, Format Version 12.00
# Visual Studio Version 17
VisualStudioVersion = 17.6.33712.159
MinimumVisualStudioVersion = 10.0.40219.1
Project("{9A19103F-16F7-4668-BE54-9A1E7A4F7556}") = "Altkamul_Alteqani_Task.API", "Altkamul_Alteqani_Task.API\Altkamul_Alteqani_Task.API.csproj", "{E9711914-7319-4F0E-AA78-6552C8F0FE14}"
EndProject
Project("{9A19103F-16F7-4668-BE54-9A1E7A4F7556}") = "Models", "Models\Models.csproj", "{95A37510-09BC-48B9-B080-DF7D0B5DCB3F}"
EndProject
Project("{9A19103F-16F7-4668-BE54-9A1E7A4F7556}") = "DataAccess", "DataAccess\DataAccess.csproj", "{17081A43-D601-4CA9-933D-BCA896130500}"
EndProject
Project("{FAE04EC0-301F-11D3-BF4B-00C04F79EFBC}") = "UI", "UI\UI.csproj", "{7F0C492F-8C9E-407F-B6B2-49466A8B1C29}"
EndProject
Global
	GlobalSection(SolutionConfigurationPlatforms) = preSolution
		Debug|Any CPU = Debug|Any CPU
		Release|Any CPU = Release|Any CPU
	EndGlobalSection
	GlobalSection(ProjectConfigurationPlatforms) = postSolution
		{E9711914-7319-4F0E-AA78-6552C8F0FE14}.Debug|Any CPU.ActiveCfg = Debug|Any CPU
		{E9711914-7319-4F0E-AA78-6552C8F0FE14}.Debug|Any CPU.Build.0 = Debug|Any CPU
		{E9711914-7319-4F0E-AA78-6552C8F0FE14}.Release|Any CPU.ActiveCfg = Release|Any CPU
		{E9711914-7319-4F0E-AA78-6552C8F0FE14}.Release|Any CPU.Build.0 = Release|Any CPU
		{95A37510-09BC-48B9-B080-DF7D0B5DCB3F}.Debug|Any CPU.ActiveCfg = Debug|Any CPU
		{95A37510-09BC-48B9-B080-DF7D0B5DCB3F}.Debug|Any CPU.Build.0 = Debug|Any CPU
		{95A37510-09BC-48B9-B080-DF7D0B5DCB3F}.Release|Any CPU.ActiveCfg = Release|Any CPU
		{95A37510-09BC-48B9-B080-DF7D0B5DCB3F}.Release|Any CPU.Build.0 = Release|Any CPU
		{17081A43-D601-4CA9-933D-BCA896130500}.Debug|Any CPU.ActiveCfg = Debug|Any CPU
		{17081A43-D601-4CA9-933D-BCA896130500}.Debug|Any CPU.Build.0 = Debug|Any CPU
		{17081A43-D601-4CA9-933D-BCA896130500}.Release|Any CPU.ActiveCfg = Release|Any CPU
		{17081A43-D601-4CA9-933D-BCA896130500}.Release|Any CPU.Build.0 = Release|Any CPU
		{7F0C492F-8C9E-407F-B6B2-49466A8B1C29}.Debug|Any CPU.ActiveCfg = Debug|Any CPU
		{7F0C492F-8C9E-407F-B6B2-49466A8B1C29}.Debug|Any CPU.Build.0 = Debug|Any CPU
		{7F0C492F-8C9E-407F-B6B2-49466A8B1C29}.Release|Any CPU.ActiveCfg = Release|Any CPU
		{7F0C492F-8C9E-407F-B6B2-49466A8B1C29}.Release|Any CPU.Build.0 = Release|Any CPU
	EndGlobalSection
	GlobalSection(SolutionProperties) = preSolution
		HideSolutionNode = FALSE
	EndGlobalSection
	GlobalSection(ExtensibilityGlobals) = postSolution
		SolutionGuid = {236D93A3-6A25-4F50-BD0D-1AE712EC75FA}
	EndGlobalSection
EndGlobal
